// !$*UTF8*$!
{
	archiveVersion = 1;
	classes = {
	};
	objectVersion = 56;
	objects = {

/* Begin PBXBuildFile section */
		E376C0B2296138F800547BDA /* AstraApp.swift in Sources */ = {isa = PBXBuildFile; fileRef = E376C0B1296138F800547BDA /* AstraApp.swift */; };
		E376C0B6296138F900547BDA /* Assets.xcassets in Resources */ = {isa = PBXBuildFile; fileRef = E376C0B5296138F900547BDA /* Assets.xcassets */; };
		E376C0B9296138F900547BDA /* Preview Assets.xcassets in Resources */ = {isa = PBXBuildFile; fileRef = E376C0B8296138F900547BDA /* Preview Assets.xcassets */; };
		E376C0C0296139AB00547BDA /* MainView.swift in Sources */ = {isa = PBXBuildFile; fileRef = E376C0BF296139AB00547BDA /* MainView.swift */; };
		E376C0C229613A5C00547BDA /* HomeView.swift in Sources */ = {isa = PBXBuildFile; fileRef = E376C0C129613A5C00547BDA /* HomeView.swift */; };
		E376C0C429613A7300547BDA /* PhotosView.swift in Sources */ = {isa = PBXBuildFile; fileRef = E376C0C329613A7300547BDA /* PhotosView.swift */; };
		E376C0CA29613EC200547BDA /* AstraService.swift in Sources */ = {isa = PBXBuildFile; fileRef = E376C0C929613EC200547BDA /* AstraService.swift */; };
		E376C0CD29613F6100547BDA /* AstraModel.swift in Sources */ = {isa = PBXBuildFile; fileRef = E376C0CC29613F6100547BDA /* AstraModel.swift */; };
		E376C0CF296140A400547BDA /* HomeViewModel.swift in Sources */ = {isa = PBXBuildFile; fileRef = E376C0CE296140A400547BDA /* HomeViewModel.swift */; };
		E376C0D729635B0C00547BDA /* WidgetKit.framework in Frameworks */ = {isa = PBXBuildFile; fileRef = E376C0D629635B0C00547BDA /* WidgetKit.framework */; };
		E376C0D929635B0C00547BDA /* SwiftUI.framework in Frameworks */ = {isa = PBXBuildFile; fileRef = E376C0D829635B0C00547BDA /* SwiftUI.framework */; };
		E376C0DC29635B0C00547BDA /* AstraWidgetBundle.swift in Sources */ = {isa = PBXBuildFile; fileRef = E376C0DB29635B0C00547BDA /* AstraWidgetBundle.swift */; };
		E376C0DE29635B0C00547BDA /* AstraWidget.swift in Sources */ = {isa = PBXBuildFile; fileRef = E376C0DD29635B0C00547BDA /* AstraWidget.swift */; };
		E376C0E029635B0D00547BDA /* Assets.xcassets in Resources */ = {isa = PBXBuildFile; fileRef = E376C0DF29635B0D00547BDA /* Assets.xcassets */; };
		E376C0E429635B0D00547BDA /* AstraWidgetExtension.appex in Embed Foundation Extensions */ = {isa = PBXBuildFile; fileRef = E376C0D429635B0C00547BDA /* AstraWidgetExtension.appex */; settings = {ATTRIBUTES = (RemoveHeadersOnCopy, ); }; };
/* End PBXBuildFile section */

/* Begin PBXContainerItemProxy section */
		E376C0E229635B0D00547BDA /* PBXContainerItemProxy */ = {
			isa = PBXContainerItemProxy;
			containerPortal = E376C0A6296138F800547BDA /* Project object */;
			proxyType = 1;
			remoteGlobalIDString = E376C0D329635B0C00547BDA;
			remoteInfo = AstraWidgetExtension;
		};
/* End PBXContainerItemProxy section */

/* Begin PBXCopyFilesBuildPhase section */
		E376C0E829635B0D00547BDA /* Embed Foundation Extensions */ = {
			isa = PBXCopyFilesBuildPhase;
			buildActionMask = 2147483647;
			dstPath = "";
			dstSubfolderSpec = 13;
			files = (
				E376C0E429635B0D00547BDA /* AstraWidgetExtension.appex in Embed Foundation Extensions */,
			);
			name = "Embed Foundation Extensions";
			runOnlyForDeploymentPostprocessing = 0;
		};
/* End PBXCopyFilesBuildPhase section */

/* Begin PBXFileReference section */
		E376C0AE296138F800547BDA /* Astra.app */ = {isa = PBXFileReference; explicitFileType = wrapper.application; includeInIndex = 0; path = Astra.app; sourceTree = BUILT_PRODUCTS_DIR; };
		E376C0B1296138F800547BDA /* AstraApp.swift */ = {isa = PBXFileReference; lastKnownFileType = sourcecode.swift; path = AstraApp.swift; sourceTree = "<group>"; };
		E376C0B5296138F900547BDA /* Assets.xcassets */ = {isa = PBXFileReference; lastKnownFileType = folder.assetcatalog; path = Assets.xcassets; sourceTree = "<group>"; };
		E376C0B8296138F900547BDA /* Preview Assets.xcassets */ = {isa = PBXFileReference; lastKnownFileType = folder.assetcatalog; path = "Preview Assets.xcassets"; sourceTree = "<group>"; };
		E376C0BF296139AB00547BDA /* MainView.swift */ = {isa = PBXFileReference; lastKnownFileType = sourcecode.swift; path = MainView.swift; sourceTree = "<group>"; };
		E376C0C129613A5C00547BDA /* HomeView.swift */ = {isa = PBXFileReference; lastKnownFileType = sourcecode.swift; path = HomeView.swift; sourceTree = "<group>"; };
		E376C0C329613A7300547BDA /* PhotosView.swift */ = {isa = PBXFileReference; lastKnownFileType = sourcecode.swift; path = PhotosView.swift; sourceTree = "<group>"; };
		E376C0C929613EC200547BDA /* AstraService.swift */ = {isa = PBXFileReference; lastKnownFileType = sourcecode.swift; path = AstraService.swift; sourceTree = "<group>"; };
		E376C0CC29613F6100547BDA /* AstraModel.swift */ = {isa = PBXFileReference; lastKnownFileType = sourcecode.swift; path = AstraModel.swift; sourceTree = "<group>"; };
		E376C0CE296140A400547BDA /* HomeViewModel.swift */ = {isa = PBXFileReference; lastKnownFileType = sourcecode.swift; path = HomeViewModel.swift; sourceTree = "<group>"; };
		E376C0D429635B0C00547BDA /* AstraWidgetExtension.appex */ = {isa = PBXFileReference; explicitFileType = "wrapper.app-extension"; includeInIndex = 0; path = AstraWidgetExtension.appex; sourceTree = BUILT_PRODUCTS_DIR; };
		E376C0D629635B0C00547BDA /* WidgetKit.framework */ = {isa = PBXFileReference; lastKnownFileType = wrapper.framework; name = WidgetKit.framework; path = System/Library/Frameworks/WidgetKit.framework; sourceTree = SDKROOT; };
		E376C0D829635B0C00547BDA /* SwiftUI.framework */ = {isa = PBXFileReference; lastKnownFileType = wrapper.framework; name = SwiftUI.framework; path = System/Library/Frameworks/SwiftUI.framework; sourceTree = SDKROOT; };
		E376C0DB29635B0C00547BDA /* AstraWidgetBundle.swift */ = {isa = PBXFileReference; lastKnownFileType = sourcecode.swift; path = AstraWidgetBundle.swift; sourceTree = "<group>"; };
		E376C0DD29635B0C00547BDA /* AstraWidget.swift */ = {isa = PBXFileReference; lastKnownFileType = sourcecode.swift; path = AstraWidget.swift; sourceTree = "<group>"; };
		E376C0DF29635B0D00547BDA /* Assets.xcassets */ = {isa = PBXFileReference; lastKnownFileType = folder.assetcatalog; path = Assets.xcassets; sourceTree = "<group>"; };
		E376C0E129635B0D00547BDA /* Info.plist */ = {isa = PBXFileReference; lastKnownFileType = text.plist.xml; path = Info.plist; sourceTree = "<group>"; };
/* End PBXFileReference section */

/* Begin PBXFrameworksBuildPhase section */
		E376C0AB296138F800547BDA /* Frameworks */ = {
			isa = PBXFrameworksBuildPhase;
			buildActionMask = 2147483647;
			files = (
			);
			runOnlyForDeploymentPostprocessing = 0;
		};
		E376C0D129635B0C00547BDA /* Frameworks */ = {
			isa = PBXFrameworksBuildPhase;
			buildActionMask = 2147483647;
			files = (
				E376C0D929635B0C00547BDA /* SwiftUI.framework in Frameworks */,
				E376C0D729635B0C00547BDA /* WidgetKit.framework in Frameworks */,
			);
			runOnlyForDeploymentPostprocessing = 0;
		};
/* End PBXFrameworksBuildPhase section */

/* Begin PBXGroup section */
		E376C0A5296138F800547BDA = {
			isa = PBXGroup;
			children = (
				E376C0B0296138F800547BDA /* Astra */,
				E376C0DA29635B0C00547BDA /* AstraWidget */,
				E376C0D529635B0C00547BDA /* Frameworks */,
				E376C0AF296138F800547BDA /* Products */,
			);
			sourceTree = "<group>";
		};
		E376C0AF296138F800547BDA /* Products */ = {
			isa = PBXGroup;
			children = (
				E376C0AE296138F800547BDA /* Astra.app */,
				E376C0D429635B0C00547BDA /* AstraWidgetExtension.appex */,
			);
			name = Products;
			sourceTree = "<group>";
		};
		E376C0B0296138F800547BDA /* Astra */ = {
			isa = PBXGroup;
			children = (
				E376C0CB29613F4800547BDA /* Model */,
				E376C0C829613D0800547BDA /* Base */,
				E376C0C729613CF900547BDA /* Views */,
				E376C0C629613CF100547BDA /* ViewModels */,
				E376C0C529613CE700547BDA /* Service */,
				E376C0B5296138F900547BDA /* Assets.xcassets */,
				E376C0B7296138F900547BDA /* Preview Content */,
			);
			path = Astra;
			sourceTree = "<group>";
		};
		E376C0B7296138F900547BDA /* Preview Content */ = {
			isa = PBXGroup;
			children = (
				E376C0B8296138F900547BDA /* Preview Assets.xcassets */,
			);
			path = "Preview Content";
			sourceTree = "<group>";
		};
		E376C0C529613CE700547BDA /* Service */ = {
			isa = PBXGroup;
			children = (
				E376C0C929613EC200547BDA /* AstraService.swift */,
			);
			path = Service;
			sourceTree = "<group>";
		};
		E376C0C629613CF100547BDA /* ViewModels */ = {
			isa = PBXGroup;
			children = (
				E376C0CE296140A400547BDA /* HomeViewModel.swift */,
			);
			path = ViewModels;
			sourceTree = "<group>";
		};
		E376C0C729613CF900547BDA /* Views */ = {
			isa = PBXGroup;
			children = (
				E376C0BF296139AB00547BDA /* MainView.swift */,
				E376C0C129613A5C00547BDA /* HomeView.swift */,
				E376C0C329613A7300547BDA /* PhotosView.swift */,
			);
			path = Views;
			sourceTree = "<group>";
		};
		E376C0C829613D0800547BDA /* Base */ = {
			isa = PBXGroup;
			children = (
				E376C0B1296138F800547BDA /* AstraApp.swift */,
			);
			path = Base;
			sourceTree = "<group>";
		};
		E376C0CB29613F4800547BDA /* Model */ = {
			isa = PBXGroup;
			children = (
				E376C0CC29613F6100547BDA /* AstraModel.swift */,
			);
			path = Model;
			sourceTree = "<group>";
		};
		E376C0D529635B0C00547BDA /* Frameworks */ = {
			isa = PBXGroup;
			children = (
				E376C0D629635B0C00547BDA /* WidgetKit.framework */,
				E376C0D829635B0C00547BDA /* SwiftUI.framework */,
			);
			name = Frameworks;
			sourceTree = "<group>";
		};
		E376C0DA29635B0C00547BDA /* AstraWidget */ = {
			isa = PBXGroup;
			children = (
				E376C0DB29635B0C00547BDA /* AstraWidgetBundle.swift */,
				E376C0DD29635B0C00547BDA /* AstraWidget.swift */,
				E376C0DF29635B0D00547BDA /* Assets.xcassets */,
				E376C0E129635B0D00547BDA /* Info.plist */,
			);
			path = AstraWidget;
			sourceTree = "<group>";
		};
/* End PBXGroup section */

/* Begin PBXNativeTarget section */
		E376C0AD296138F800547BDA /* Astra */ = {
			isa = PBXNativeTarget;
			buildConfigurationList = E376C0BC296138F900547BDA /* Build configuration list for PBXNativeTarget "Astra" */;
			buildPhases = (
				E376C0AA296138F800547BDA /* Sources */,
				E376C0AB296138F800547BDA /* Frameworks */,
				E376C0AC296138F800547BDA /* Resources */,
				E376C0E829635B0D00547BDA /* Embed Foundation Extensions */,
			);
			buildRules = (
			);
			dependencies = (
				E376C0E329635B0D00547BDA /* PBXTargetDependency */,
			);
			name = Astra;
			productName = Astra;
			productReference = E376C0AE296138F800547BDA /* Astra.app */;
			productType = "com.apple.product-type.application";
		};
		E376C0D329635B0C00547BDA /* AstraWidgetExtension */ = {
			isa = PBXNativeTarget;
			buildConfigurationList = E376C0E529635B0D00547BDA /* Build configuration list for PBXNativeTarget "AstraWidgetExtension" */;
			buildPhases = (
				E376C0D029635B0C00547BDA /* Sources */,
				E376C0D129635B0C00547BDA /* Frameworks */,
				E376C0D229635B0C00547BDA /* Resources */,
			);
			buildRules = (
			);
			dependencies = (
			);
			name = AstraWidgetExtension;
			productName = AstraWidgetExtension;
			productReference = E376C0D429635B0C00547BDA /* AstraWidgetExtension.appex */;
			productType = "com.apple.product-type.app-extension";
		};
/* End PBXNativeTarget section */

/* Begin PBXProject section */
		E376C0A6296138F800547BDA /* Project object */ = {
			isa = PBXProject;
			attributes = {
				BuildIndependentTargetsInParallel = 1;
				LastSwiftUpdateCheck = 1420;
				LastUpgradeCheck = 1420;
				TargetAttributes = {
					E376C0AD296138F800547BDA = {
						CreatedOnToolsVersion = 14.2;
					};
					E376C0D329635B0C00547BDA = {
						CreatedOnToolsVersion = 14.2;
					};
				};
			};
			buildConfigurationList = E376C0A9296138F800547BDA /* Build configuration list for PBXProject "Astra" */;
			compatibilityVersion = "Xcode 14.0";
			developmentRegion = en;
			hasScannedForEncodings = 0;
			knownRegions = (
				en,
				Base,
			);
			mainGroup = E376C0A5296138F800547BDA;
			productRefGroup = E376C0AF296138F800547BDA /* Products */;
			projectDirPath = "";
			projectRoot = "";
			targets = (
				E376C0AD296138F800547BDA /* Astra */,
				E376C0D329635B0C00547BDA /* AstraWidgetExtension */,
			);
		};
/* End PBXProject section */

/* Begin PBXResourcesBuildPhase section */
		E376C0AC296138F800547BDA /* Resources */ = {
			isa = PBXResourcesBuildPhase;
			buildActionMask = 2147483647;
			files = (
				E376C0B9296138F900547BDA /* Preview Assets.xcassets in Resources */,
				E376C0B6296138F900547BDA /* Assets.xcassets in Resources */,
			);
			runOnlyForDeploymentPostprocessing = 0;
		};
		E376C0D229635B0C00547BDA /* Resources */ = {
			isa = PBXResourcesBuildPhase;
			buildActionMask = 2147483647;
			files = (
				E376C0E029635B0D00547BDA /* Assets.xcassets in Resources */,
			);
			runOnlyForDeploymentPostprocessing = 0;
		};
/* End PBXResourcesBuildPhase section */

/* Begin PBXSourcesBuildPhase section */
		E376C0AA296138F800547BDA /* Sources */ = {
			isa = PBXSourcesBuildPhase;
			buildActionMask = 2147483647;
			files = (
				E376C0C229613A5C00547BDA /* HomeView.swift in Sources */,
				E376C0C429613A7300547BDA /* PhotosView.swift in Sources */,
				E376C0CF296140A400547BDA /* HomeViewModel.swift in Sources */,
				E376C0C0296139AB00547BDA /* MainView.swift in Sources */,
				E376C0CD29613F6100547BDA /* AstraModel.swift in Sources */,
				E376C0CA29613EC200547BDA /* AstraService.swift in Sources */,
				E376C0B2296138F800547BDA /* AstraApp.swift in Sources */,
			);
			runOnlyForDeploymentPostprocessing = 0;
		};
		E376C0D029635B0C00547BDA /* Sources */ = {
			isa = PBXSourcesBuildPhase;
			buildActionMask = 2147483647;
			files = (
				E376C0DC29635B0C00547BDA /* AstraWidgetBundle.swift in Sources */,
				E376C0DE29635B0C00547BDA /* AstraWidget.swift in Sources */,
			);
			runOnlyForDeploymentPostprocessing = 0;
		};
/* End PBXSourcesBuildPhase section */

/* Begin PBXTargetDependency section */
		E376C0E329635B0D00547BDA /* PBXTargetDependency */ = {
			isa = PBXTargetDependency;
			target = E376C0D329635B0C00547BDA /* AstraWidgetExtension */;
			targetProxy = E376C0E229635B0D00547BDA /* PBXContainerItemProxy */;
		};
/* End PBXTargetDependency section */

/* Begin XCBuildConfiguration section */
		E376C0BA296138F900547BDA /* Debug */ = {
			isa = XCBuildConfiguration;
			buildSettings = {
				ALWAYS_SEARCH_USER_PATHS = NO;
				CLANG_ANALYZER_NONNULL = YES;
				CLANG_ANALYZER_NUMBER_OBJECT_CONVERSION = YES_AGGRESSIVE;
				CLANG_CXX_LANGUAGE_STANDARD = "gnu++20";
				CLANG_ENABLE_MODULES = YES;
				CLANG_ENABLE_OBJC_ARC = YES;
				CLANG_ENABLE_OBJC_WEAK = YES;
				CLANG_WARN_BLOCK_CAPTURE_AUTORELEASING = YES;
				CLANG_WARN_BOOL_CONVERSION = YES;
				CLANG_WARN_COMMA = YES;
				CLANG_WARN_CONSTANT_CONVERSION = YES;
				CLANG_WARN_DEPRECATED_OBJC_IMPLEMENTATIONS = YES;
				CLANG_WARN_DIRECT_OBJC_ISA_USAGE = YES_ERROR;
				CLANG_WARN_DOCUMENTATION_COMMENTS = YES;
				CLANG_WARN_EMPTY_BODY = YES;
				CLANG_WARN_ENUM_CONVERSION = YES;
				CLANG_WARN_INFINITE_RECURSION = YES;
				CLANG_WARN_INT_CONVERSION = YES;
				CLANG_WARN_NON_LITERAL_NULL_CONVERSION = YES;
				CLANG_WARN_OBJC_IMPLICIT_RETAIN_SELF = YES;
				CLANG_WARN_OBJC_LITERAL_CONVERSION = YES;
				CLANG_WARN_OBJC_ROOT_CLASS = YES_ERROR;
				CLANG_WARN_QUOTED_INCLUDE_IN_FRAMEWORK_HEADER = YES;
				CLANG_WARN_RANGE_LOOP_ANALYSIS = YES;
				CLANG_WARN_STRICT_PROTOTYPES = YES;
				CLANG_WARN_SUSPICIOUS_MOVE = YES;
				CLANG_WARN_UNGUARDED_AVAILABILITY = YES_AGGRESSIVE;
				CLANG_WARN_UNREACHABLE_CODE = YES;
				CLANG_WARN__DUPLICATE_METHOD_MATCH = YES;
				COPY_PHASE_STRIP = NO;
				DEBUG_INFORMATION_FORMAT = dwarf;
				ENABLE_STRICT_OBJC_MSGSEND = YES;
				ENABLE_TESTABILITY = YES;
				GCC_C_LANGUAGE_STANDARD = gnu11;
				GCC_DYNAMIC_NO_PIC = NO;
				GCC_NO_COMMON_BLOCKS = YES;
				GCC_OPTIMIZATION_LEVEL = 0;
				GCC_PREPROCESSOR_DEFINITIONS = (
					"DEBUG=1",
					"$(inherited)",
				);
				GCC_WARN_64_TO_32_BIT_CONVERSION = YES;
				GCC_WARN_ABOUT_RETURN_TYPE = YES_ERROR;
				GCC_WARN_UNDECLARED_SELECTOR = YES;
				GCC_WARN_UNINITIALIZED_AUTOS = YES_AGGRESSIVE;
				GCC_WARN_UNUSED_FUNCTION = YES;
				GCC_WARN_UNUSED_VARIABLE = YES;
				IPHONEOS_DEPLOYMENT_TARGET = 16.2;
				MTL_ENABLE_DEBUG_INFO = INCLUDE_SOURCE;
				MTL_FAST_MATH = YES;
				ONLY_ACTIVE_ARCH = YES;
				SDKROOT = iphoneos;
				SWIFT_ACTIVE_COMPILATION_CONDITIONS = DEBUG;
				SWIFT_OPTIMIZATION_LEVEL = "-Onone";
			};
			name = Debug;
		};
		E376C0BB296138F900547BDA /* Release */ = {
			isa = XCBuildConfiguration;
			buildSettings = {
				ALWAYS_SEARCH_USER_PATHS = NO;
				CLANG_ANALYZER_NONNULL = YES;
				CLANG_ANALYZER_NUMBER_OBJECT_CONVERSION = YES_AGGRESSIVE;
				CLANG_CXX_LANGUAGE_STANDARD = "gnu++20";
				CLANG_ENABLE_MODULES = YES;
				CLANG_ENABLE_OBJC_ARC = YES;
				CLANG_ENABLE_OBJC_WEAK = YES;
				CLANG_WARN_BLOCK_CAPTURE_AUTORELEASING = YES;
				CLANG_WARN_BOOL_CONVERSION = YES;
				CLANG_WARN_COMMA = YES;
				CLANG_WARN_CONSTANT_CONVERSION = YES;
				CLANG_WARN_DEPRECATED_OBJC_IMPLEMENTATIONS = YES;
				CLANG_WARN_DIRECT_OBJC_ISA_USAGE = YES_ERROR;
				CLANG_WARN_DOCUMENTATION_COMMENTS = YES;
				CLANG_WARN_EMPTY_BODY = YES;
				CLANG_WARN_ENUM_CONVERSION = YES;
				CLANG_WARN_INFINITE_RECURSION = YES;
				CLANG_WARN_INT_CONVERSION = YES;
				CLANG_WARN_NON_LITERAL_NULL_CONVERSION = YES;
				CLANG_WARN_OBJC_IMPLICIT_RETAIN_SELF = YES;
				CLANG_WARN_OBJC_LITERAL_CONVERSION = YES;
				CLANG_WARN_OBJC_ROOT_CLASS = YES_ERROR;
				CLANG_WARN_QUOTED_INCLUDE_IN_FRAMEWORK_HEADER = YES;
				CLANG_WARN_RANGE_LOOP_ANALYSIS = YES;
				CLANG_WARN_STRICT_PROTOTYPES = YES;
				CLANG_WARN_SUSPICIOUS_MOVE = YES;
				CLANG_WARN_UNGUARDED_AVAILABILITY = YES_AGGRESSIVE;
				CLANG_WARN_UNREACHABLE_CODE = YES;
				CLANG_WARN__DUPLICATE_METHOD_MATCH = YES;
				COPY_PHASE_STRIP = NO;
				DEBUG_INFORMATION_FORMAT = "dwarf-with-dsym";
				ENABLE_NS_ASSERTIONS = NO;
				ENABLE_STRICT_OBJC_MSGSEND = YES;
				GCC_C_LANGUAGE_STANDARD = gnu11;
				GCC_NO_COMMON_BLOCKS = YES;
				GCC_WARN_64_TO_32_BIT_CONVERSION = YES;
				GCC_WARN_ABOUT_RETURN_TYPE = YES_ERROR;
				GCC_WARN_UNDECLARED_SELECTOR = YES;
				GCC_WARN_UNINITIALIZED_AUTOS = YES_AGGRESSIVE;
				GCC_WARN_UNUSED_FUNCTION = YES;
				GCC_WARN_UNUSED_VARIABLE = YES;
				IPHONEOS_DEPLOYMENT_TARGET = 16.2;
				MTL_ENABLE_DEBUG_INFO = NO;
				MTL_FAST_MATH = YES;
				SDKROOT = iphoneos;
				SWIFT_COMPILATION_MODE = wholemodule;
				SWIFT_OPTIMIZATION_LEVEL = "-O";
				VALIDATE_PRODUCT = YES;
			};
			name = Release;
		};
		E376C0BD296138F900547BDA /* Debug */ = {
			isa = XCBuildConfiguration;
			buildSettings = {
				ALWAYS_EMBED_SWIFT_STANDARD_LIBRARIES = YES;
				ASSETCATALOG_COMPILER_APPICON_NAME = AppIcon;
				ASSETCATALOG_COMPILER_GLOBAL_ACCENT_COLOR_NAME = AccentColor;
				CODE_SIGN_STYLE = Automatic;
				CURRENT_PROJECT_VERSION = 1;
				DEVELOPMENT_ASSET_PATHS = "\"Astra/Preview Content\"";
				DEVELOPMENT_TEAM = 49Q63X4R6X;
				ENABLE_PREVIEWS = YES;
				GENERATE_INFOPLIST_FILE = YES;
				INFOPLIST_KEY_UIApplicationSceneManifest_Generation = YES;
				INFOPLIST_KEY_UIApplicationSupportsIndirectInputEvents = YES;
				INFOPLIST_KEY_UILaunchScreen_Generation = YES;
				INFOPLIST_KEY_UISupportedInterfaceOrientations_iPad = "UIInterfaceOrientationPortrait UIInterfaceOrientationPortraitUpsideDown UIInterfaceOrientationLandscapeLeft UIInterfaceOrientationLandscapeRight";
				INFOPLIST_KEY_UISupportedInterfaceOrientations_iPhone = "UIInterfaceOrientationPortrait UIInterfaceOrientationLandscapeLeft UIInterfaceOrientationLandscapeRight";
				LD_RUNPATH_SEARCH_PATHS = (
					"$(inherited)",
					"@executable_path/Frameworks",
				);
				MARKETING_VERSION = 1.0;
				PRODUCT_BUNDLE_IDENTIFIER = justin.cabral.Astra;
				PRODUCT_NAME = "$(TARGET_NAME)";
				SWIFT_EMIT_LOC_STRINGS = YES;
				SWIFT_VERSION = 5.0;
				TARGETED_DEVICE_FAMILY = "1,2";
			};
			name = Debug;
		};
		E376C0BE296138F900547BDA /* Release */ = {
			isa = XCBuildConfiguration;
			buildSettings = {
				ALWAYS_EMBED_SWIFT_STANDARD_LIBRARIES = YES;
				ASSETCATALOG_COMPILER_APPICON_NAME = AppIcon;
				ASSETCATALOG_COMPILER_GLOBAL_ACCENT_COLOR_NAME = AccentColor;
				CODE_SIGN_STYLE = Automatic;
				CURRENT_PROJECT_VERSION = 1;
				DEVELOPMENT_ASSET_PATHS = "\"Astra/Preview Content\"";
				DEVELOPMENT_TEAM = 49Q63X4R6X;
				ENABLE_PREVIEWS = YES;
				GENERATE_INFOPLIST_FILE = YES;
				INFOPLIST_KEY_UIApplicationSceneManifest_Generation = YES;
				INFOPLIST_KEY_UIApplicationSupportsIndirectInputEvents = YES;
				INFOPLIST_KEY_UILaunchScreen_Generation = YES;
				INFOPLIST_KEY_UISupportedInterfaceOrientations_iPad = "UIInterfaceOrientationPortrait UIInterfaceOrientationPortraitUpsideDown UIInterfaceOrientationLandscapeLeft UIInterfaceOrientationLandscapeRight";
				INFOPLIST_KEY_UISupportedInterfaceOrientations_iPhone = "UIInterfaceOrientationPortrait UIInterfaceOrientationLandscapeLeft UIInterfaceOrientationLandscapeRight";
				LD_RUNPATH_SEARCH_PATHS = (
					"$(inherited)",
					"@executable_path/Frameworks",
				);
				MARKETING_VERSION = 1.0;
				PRODUCT_BUNDLE_IDENTIFIER = justin.cabral.Astra;
				PRODUCT_NAME = "$(TARGET_NAME)";
				SWIFT_EMIT_LOC_STRINGS = YES;
				SWIFT_VERSION = 5.0;
				TARGETED_DEVICE_FAMILY = "1,2";
			};
			name = Release;
		};
		E376C0E629635B0D00547BDA /* Debug */ = {
			isa = XCBuildConfiguration;
			buildSettings = {
				ASSETCATALOG_COMPILER_GLOBAL_ACCENT_COLOR_NAME = AccentColor;
				ASSETCATALOG_COMPILER_WIDGET_BACKGROUND_COLOR_NAME = WidgetBackground;
				CODE_SIGN_STYLE = Automatic;
				CURRENT_PROJECT_VERSION = 1;
				DEVELOPMENT_TEAM = 49Q63X4R6X;
				GENERATE_INFOPLIST_FILE = YES;
				INFOPLIST_FILE = AstraWidget/Info.plist;
				INFOPLIST_KEY_CFBundleDisplayName = AstraWidget;
				INFOPLIST_KEY_NSHumanReadableCopyright = "";
				LD_RUNPATH_SEARCH_PATHS = (
					"$(inherited)",
					"@executable_path/Frameworks",
					"@executable_path/../../Frameworks",
				);
				MARKETING_VERSION = 1.0;
				PRODUCT_BUNDLE_IDENTIFIER = justin.cabral.Astra.AstraWidget;
				PRODUCT_NAME = "$(TARGET_NAME)";
				SKIP_INSTALL = YES;
				SWIFT_EMIT_LOC_STRINGS = YES;
				SWIFT_VERSION = 5.0;
				TARGETED_DEVICE_FAMILY = "1,2";
			};
			name = Debug;
		};
		E376C0E729635B0D00547BDA /* Release */ = {
			isa = XCBuildConfiguration;
			buildSettings = {
				ASSETCATALOG_COMPILER_GLOBAL_ACCENT_COLOR_NAME = AccentColor;
				ASSETCATALOG_COMPILER_WIDGET_BACKGROUND_COLOR_NAME = WidgetBackground;
				CODE_SIGN_STYLE = Automatic;
				CURRENT_PROJECT_VERSION = 1;
				DEVELOPMENT_TEAM = 49Q63X4R6X;
				GENERATE_INFOPLIST_FILE = YES;
				INFOPLIST_FILE = AstraWidget/Info.plist;
				INFOPLIST_KEY_CFBundleDisplayName = AstraWidget;
				INFOPLIST_KEY_NSHumanReadableCopyright = "";
				LD_RUNPATH_SEARCH_PATHS = (
					"$(inherited)",
					"@executable_path/Frameworks",
					"@executable_path/../../Frameworks",
				);
				MARKETING_VERSION = 1.0;
				PRODUCT_BUNDLE_IDENTIFIER = justin.cabral.Astra.AstraWidget;
				PRODUCT_NAME = "$(TARGET_NAME)";
				SKIP_INSTALL = YES;
				SWIFT_EMIT_LOC_STRINGS = YES;
				SWIFT_VERSION = 5.0;
				TARGETED_DEVICE_FAMILY = "1,2";
			};
			name = Release;
		};
/* End XCBuildConfiguration section */

/* Begin XCConfigurationList section */
		E376C0A9296138F800547BDA /* Build configuration list for PBXProject "Astra" */ = {
			isa = XCConfigurationList;
			buildConfigurations = (
				E376C0BA296138F900547BDA /* Debug */,
				E376C0BB296138F900547BDA /* Release */,
			);
			defaultConfigurationIsVisible = 0;
			defaultConfigurationName = Release;
		};
		E376C0BC296138F900547BDA /* Build configuration list for PBXNativeTarget "Astra" */ = {
			isa = XCConfigurationList;
			buildConfigurations = (
				E376C0BD296138F900547BDA /* Debug */,
				E376C0BE296138F900547BDA /* Release */,
			);
			defaultConfigurationIsVisible = 0;
			defaultConfigurationName = Release;
		};
		E376C0E529635B0D00547BDA /* Build configuration list for PBXNativeTarget "AstraWidgetExtension" */ = {
			isa = XCConfigurationList;
			buildConfigurations = (
				E376C0E629635B0D00547BDA /* Debug */,
				E376C0E729635B0D00547BDA /* Release */,
			);
			defaultConfigurationIsVisible = 0;
			defaultConfigurationName = Release;
		};
/* End XCConfigurationList section */
	};
	rootObject = E376C0A6296138F800547BDA /* Project object */;
}
